
Microsoft Visual Studio Solution File, Format Version 12.00
# Visual Studio 15
VisualStudioVersion = 15.0.28307.1401
MinimumVisualStudioVersion = 10.0.40219.1
Project("{FAE04EC0-301F-11D3-BF4B-00C04F79EFBC}") = "Fallout4Hacker", "Fallout4Hacker\Fallout4Hacker.csproj", "{EB2AF31A-89BA-423B-9951-EC43B690AC94}"
EndProject
Global
	GlobalSection(SolutionConfigurationPlatforms) = preSolution
		Debug|Any CPU = Debug|Any CPU
		Release|Any CPU = Release|Any CPU
	EndGlobalSection
	GlobalSection(ProjectConfigurationPlatforms) = postSolution
		{EB2AF31A-89BA-423B-9951-EC43B690AC94}.Debug|Any CPU.ActiveCfg = Debug|Any CPU
		{EB2AF31A-89BA-423B-9951-EC43B690AC94}.Debug|Any CPU.Build.0 = Debug|Any CPU
		{EB2AF31A-89BA-423B-9951-EC43B690AC94}.Release|Any CPU.ActiveCfg = Release|Any CPU
		{EB2AF31A-89BA-423B-9951-EC43B690AC94}.Release|Any CPU.Build.0 = Release|Any CPU
	EndGlobalSection
	GlobalSection(SolutionProperties) = preSolution
		HideSolutionNode = FALSE
	EndGlobalSection
	GlobalSection(ExtensibilityGlobals) = postSolution
		SolutionGuid = {F05E155F-0E98-4AC4-82A2-15EDAA5E7F69}
	EndGlobalSection
EndGlobal
